
Microsoft Visual Studio Solution File, Format Version 12.00
# Visual Studio 15
VisualStudioVersion = 15.0.27004.2009
MinimumVisualStudioVersion = 10.0.40219.1
Project("{8BC9CEB8-8B4A-11D0-8D11-00A0C91BC942}") = "Modifier", "Modifier\Modifier.vcxproj", "{D33CA00A-982F-45E6-9F95-91AEB6F95B94}"
EndProject
Project("{8BC9CEB8-8B4A-11D0-8D11-00A0C91BC942}") = "GetterSetter", "GetterSetter\GetterSetter.vcxproj", "{872CE9F4-DFBD-4BFA-B0FB-C6E7A85C7026}"
EndProject
Project("{8BC9CEB8-8B4A-11D0-8D11-00A0C91BC942}") = "Class", "Class\Class.vcxproj", "{E3D86322-2B9B-42D7-A875-1EDCA9C16EB3}"
EndProject
Project("{8BC9CEB8-8B4A-11D0-8D11-00A0C91BC942}") = "Metod", "Metod\Metod.vcxproj", "{B3725A20-E1D8-43C1-B021-F1FFB80F9C22}"
EndProject
Project("{8BC9CEB8-8B4A-11D0-8D11-00A0C91BC942}") = "OOP Encapsulation Example", "OOP Encapsulation Example\OOP Encapsulation Example.vcxproj", "{2F82A71B-5EF5-40AF-9586-347AA0C586A1}"
EndProject
Project("{8BC9CEB8-8B4A-11D0-8D11-00A0C91BC942}") = "Example class constructor", "Example class constructor\Example class constructor.vcxproj", "{61DAC2C1-5301-4F0D-AA70-6907B5978EFC}"
EndProject
Global
	GlobalSection(SolutionConfigurationPlatforms) = preSolution
		Debug|x64 = Debug|x64
		Debug|x86 = Debug|x86
		Release|x64 = Release|x64
		Release|x86 = Release|x86
	EndGlobalSection
	GlobalSection(ProjectConfigurationPlatforms) = postSolution
		{D33CA00A-982F-45E6-9F95-91AEB6F95B94}.Debug|x64.ActiveCfg = Debug|x64
		{D33CA00A-982F-45E6-9F95-91AEB6F95B94}.Debug|x64.Build.0 = Debug|x64
		{D33CA00A-982F-45E6-9F95-91AEB6F95B94}.Debug|x86.ActiveCfg = Debug|Win32
		{D33CA00A-982F-45E6-9F95-91AEB6F95B94}.Debug|x86.Build.0 = Debug|Win32
		{D33CA00A-982F-45E6-9F95-91AEB6F95B94}.Release|x64.ActiveCfg = Release|x64
		{D33CA00A-982F-45E6-9F95-91AEB6F95B94}.Release|x64.Build.0 = Release|x64
		{D33CA00A-982F-45E6-9F95-91AEB6F95B94}.Release|x86.ActiveCfg = Release|Win32
		{D33CA00A-982F-45E6-9F95-91AEB6F95B94}.Release|x86.Build.0 = Release|Win32
		{872CE9F4-DFBD-4BFA-B0FB-C6E7A85C7026}.Debug|x64.ActiveCfg = Debug|x64
		{872CE9F4-DFBD-4BFA-B0FB-C6E7A85C7026}.Debug|x64.Build.0 = Debug|x64
		{872CE9F4-DFBD-4BFA-B0FB-C6E7A85C7026}.Debug|x86.ActiveCfg = Debug|Win32
		{872CE9F4-DFBD-4BFA-B0FB-C6E7A85C7026}.Debug|x86.Build.0 = Debug|Win32
		{872CE9F4-DFBD-4BFA-B0FB-C6E7A85C7026}.Release|x64.ActiveCfg = Release|x64
		{872CE9F4-DFBD-4BFA-B0FB-C6E7A85C7026}.Release|x64.Build.0 = Release|x64
		{872CE9F4-DFBD-4BFA-B0FB-C6E7A85C7026}.Release|x86.ActiveCfg = Release|Win32
		{872CE9F4-DFBD-4BFA-B0FB-C6E7A85C7026}.Release|x86.Build.0 = Release|Win32
		{E3D86322-2B9B-42D7-A875-1EDCA9C16EB3}.Debug|x64.ActiveCfg = Debug|x64
		{E3D86322-2B9B-42D7-A875-1EDCA9C16EB3}.Debug|x64.Build.0 = Debug|x64
		{E3D86322-2B9B-42D7-A875-1EDCA9C16EB3}.Debug|x86.ActiveCfg = Debug|Win32
		{E3D86322-2B9B-42D7-A875-1EDCA9C16EB3}.Debug|x86.Build.0 = Debug|Win32
		{E3D86322-2B9B-42D7-A875-1EDCA9C16EB3}.Release|x64.ActiveCfg = Release|x64
		{E3D86322-2B9B-42D7-A875-1EDCA9C16EB3}.Release|x64.Build.0 = Release|x64
		{E3D86322-2B9B-42D7-A875-1EDCA9C16EB3}.Release|x86.ActiveCfg = Release|Win32
		{E3D86322-2B9B-42D7-A875-1EDCA9C16EB3}.Release|x86.Build.0 = Release|Win32
		{B3725A20-E1D8-43C1-B021-F1FFB80F9C22}.Debug|x64.ActiveCfg = Debug|x64
		{B3725A20-E1D8-43C1-B021-F1FFB80F9C22}.Debug|x64.Build.0 = Debug|x64
		{B3725A20-E1D8-43C1-B021-F1FFB80F9C22}.Debug|x86.ActiveCfg = Debug|Win32
		{B3725A20-E1D8-43C1-B021-F1FFB80F9C22}.Debug|x86.Build.0 = Debug|Win32
		{B3725A20-E1D8-43C1-B021-F1FFB80F9C22}.Release|x64.ActiveCfg = Release|x64
		{B3725A20-E1D8-43C1-B021-F1FFB80F9C22}.Release|x64.Build.0 = Release|x64
		{B3725A20-E1D8-43C1-B021-F1FFB80F9C22}.Release|x86.ActiveCfg = Release|Win32
		{B3725A20-E1D8-43C1-B021-F1FFB80F9C22}.Release|x86.Build.0 = Release|Win32
		{2F82A71B-5EF5-40AF-9586-347AA0C586A1}.Debug|x64.ActiveCfg = Debug|x64
		{2F82A71B-5EF5-40AF-9586-347AA0C586A1}.Debug|x64.Build.0 = Debug|x64
		{2F82A71B-5EF5-40AF-9586-347AA0C586A1}.Debug|x86.ActiveCfg = Debug|Win32
		{2F82A71B-5EF5-40AF-9586-347AA0C586A1}.Debug|x86.Build.0 = Debug|Win32
		{2F82A71B-5EF5-40AF-9586-347AA0C586A1}.Release|x64.ActiveCfg = Release|x64
		{2F82A71B-5EF5-40AF-9586-347AA0C586A1}.Release|x64.Build.0 = Release|x64
		{2F82A71B-5EF5-40AF-9586-347AA0C586A1}.Release|x86.ActiveCfg = Release|Win32
		{2F82A71B-5EF5-40AF-9586-347AA0C586A1}.Release|x86.Build.0 = Release|Win32
		{61DAC2C1-5301-4F0D-AA70-6907B5978EFC}.Debug|x64.ActiveCfg = Debug|x64
		{61DAC2C1-5301-4F0D-AA70-6907B5978EFC}.Debug|x64.Build.0 = Debug|x64
		{61DAC2C1-5301-4F0D-AA70-6907B5978EFC}.Debug|x86.ActiveCfg = Debug|Win32
		{61DAC2C1-5301-4F0D-AA70-6907B5978EFC}.Debug|x86.Build.0 = Debug|Win32
		{61DAC2C1-5301-4F0D-AA70-6907B5978EFC}.Release|x64.ActiveCfg = Release|x64
		{61DAC2C1-5301-4F0D-AA70-6907B5978EFC}.Release|x64.Build.0 = Release|x64
		{61DAC2C1-5301-4F0D-AA70-6907B5978EFC}.Release|x86.ActiveCfg = Release|Win32
		{61DAC2C1-5301-4F0D-AA70-6907B5978EFC}.Release|x86.Build.0 = Release|Win32
	EndGlobalSection
	GlobalSection(SolutionProperties) = preSolution
		HideSolutionNode = FALSE
	EndGlobalSection
	GlobalSection(ExtensibilityGlobals) = postSolution
		SolutionGuid = {15D218F0-70F9-4091-A2FF-5C52A5E6C72C}
	EndGlobalSection
EndGlobal
