
Microsoft Visual Studio Solution File, Format Version 12.00
# Visual Studio 15
VisualStudioVersion = 15.0.27004.2010
MinimumVisualStudioVersion = 10.0.40219.1
Project("{8BC9CEB8-8B4A-11D0-8D11-00A0C91BC942}") = "Modifier", "Modifier\Modifier.vcxproj", "{D33CA00A-982F-45E6-9F95-91AEB6F95B94}"
EndProject
Project("{8BC9CEB8-8B4A-11D0-8D11-00A0C91BC942}") = "GetterSetter", "GetterSetter\GetterSetter.vcxproj", "{872CE9F4-DFBD-4BFA-B0FB-C6E7A85C7026}"
EndProject
Project("{8BC9CEB8-8B4A-11D0-8D11-00A0C91BC942}") = "Class", "Class\Class.vcxproj", "{E3D86322-2B9B-42D7-A875-1EDCA9C16EB3}"
EndProject
Project("{8BC9CEB8-8B4A-11D0-8D11-00A0C91BC942}") = "Metod", "Metod\Metod.vcxproj", "{B3725A20-E1D8-43C1-B021-F1FFB80F9C22}"
EndProject
Project("{8BC9CEB8-8B4A-11D0-8D11-00A0C91BC942}") = "OOP Encapsulation Example", "OOP Encapsulation Example\OOP Encapsulation Example.vcxproj", "{2F82A71B-5EF5-40AF-9586-347AA0C586A1}"
EndProject
Project("{8BC9CEB8-8B4A-11D0-8D11-00A0C91BC942}") = "Example class constructor", "Example class constructor\Example class constructor.vcxproj", "{61DAC2C1-5301-4F0D-AA70-6907B5978EFC}"
EndProject
Project("{8BC9CEB8-8B4A-11D0-8D11-00A0C91BC942}") = "Home_Work", "Home_Work\Home_Work.vcxproj", "{B1CCEB78-FCBB-4E6D-8877-4FE9AAB2B661}"
EndProject
Project("{8BC9CEB8-8B4A-11D0-8D11-00A0C91BC942}") = "Home_Work_Template", "Home_Work_Template\Home_Work_Template.vcxproj", "{E25CB5B7-7B8F-405A-95B1-836E49206F5C}"
EndProject
Project("{8BC9CEB8-8B4A-11D0-8D11-00A0C91BC942}") = "constructor overload", "constructor overload\constructor overload.vcxproj", "{A02ADED1-34FD-4C64-9D1B-155D2ADD6A10}"
EndProject
Project("{8BC9CEB8-8B4A-11D0-8D11-00A0C91BC942}") = "Copy objects", "Copy objects\Copy objects.vcxproj", "{98797282-43E7-44CE-A9C3-93921970031A}"
EndProject
Project("{8BC9CEB8-8B4A-11D0-8D11-00A0C91BC942}") = "operator overloading", "operator overloading\operator overloading.vcxproj", "{939AC59F-E5B4-4163-BAB6-90C776717779}"
EndProject
Project("{8BC9CEB8-8B4A-11D0-8D11-00A0C91BC942}") = "operator  + and - overloading", "operator  + and - overloading\operator  + and - overloading.vcxproj", "{4DB310A8-7869-4693-A4CF-BBC95808763F}"
EndProject
Project("{8BC9CEB8-8B4A-11D0-8D11-00A0C91BC942}") = "Function templates", "Function templates\Function templates.vcxproj", "{CEC84638-2AB0-436C-A7AA-44794A30B6DB}"
EndProject
Project("{8BC9CEB8-8B4A-11D0-8D11-00A0C91BC942}") = "decltype", "decltype\decltype.vcxproj", "{5AA96A41-4E11-4E0D-8AC6-51BE6F073088}"
EndProject
Project("{8BC9CEB8-8B4A-11D0-8D11-00A0C91BC942}") = "Stack", "Stack\Stack.vcxproj", "{8AF1AA17-D105-4AC7-8F58-8A5494F9D442}"
EndProject
Project("{8BC9CEB8-8B4A-11D0-8D11-00A0C91BC942}") = "Queue", "Queue\Queue.vcxproj", "{A92E9D66-04AC-4613-9488-8B8AD24E283E}"
EndProject
Project("{8BC9CEB8-8B4A-11D0-8D11-00A0C91BC942}") = "List", "List\List.vcxproj", "{E5185C48-FECB-40F6-93EF-868B089B27DF}"
EndProject
Project("{8BC9CEB8-8B4A-11D0-8D11-00A0C91BC942}") = "Stepik", "Stepik\Stepik.vcxproj", "{ACC349DF-3A3C-4F4D-9963-DCFCB8841C50}"
EndProject
Project("{8BC9CEB8-8B4A-11D0-8D11-00A0C91BC942}") = "Home_Work_Stack", "Home_Work_Stack\Home_Work_Stack.vcxproj", "{E920B453-7439-448D-BBA0-721A460F9746}"
EndProject
Project("{8BC9CEB8-8B4A-11D0-8D11-00A0C91BC942}") = "DoubleList", "DoubleList\DoubleList.vcxproj", "{FD721784-1A82-4BD0-B645-CD4EC4302C44}"
EndProject
Project("{8BC9CEB8-8B4A-11D0-8D11-00A0C91BC942}") = "HomeWorkTemplateClass", "HomeWorkTemplateClass\HomeWorkTemplateClass.vcxproj", "{5DA8FDCB-2084-4E5A-A5A8-C0C18A29129C}"
EndProject
Project("{8BC9CEB8-8B4A-11D0-8D11-00A0C91BC942}") = "3Example", "3Example\3Example.vcxproj", "{270EE4DB-2E91-4E7C-BD03-E10334B6BCDA}"
EndProject
Project("{8BC9CEB8-8B4A-11D0-8D11-00A0C91BC942}") = "HW_1511965571", "HW_1511965571\HW_1511965571.vcxproj", "{EF1890DF-13D8-4A57-9FA9-540D893A5443}"
EndProject
Project("{8BC9CEB8-8B4A-11D0-8D11-00A0C91BC942}") = "Agregation", "Agregation\Agregation.vcxproj", "{B228B163-2714-4F9B-9AFF-B3CCBC80494F}"
EndProject
Project("{8BC9CEB8-8B4A-11D0-8D11-00A0C91BC942}") = "Inheiritance", "Inheiritance\Inheiritance.vcxproj", "{4BA13A19-84DA-4575-A2ED-C89A918C6950}"
EndProject
Project("{8BC9CEB8-8B4A-11D0-8D11-00A0C91BC942}") = "HW_1511965687", "HW_1511965687\HW_1511965687.vcxproj", "{D2E2065B-28B7-4656-BFCD-B92CE3BB6E68}"
EndProject
Project("{8BC9CEB8-8B4A-11D0-8D11-00A0C91BC942}") = "Virtual", "Virtual\Virtual.vcxproj", "{3EADDE69-81C7-4D53-B6EB-9782B27D03F6}"
EndProject
Project("{8BC9CEB8-8B4A-11D0-8D11-00A0C91BC942}") = "HW_1512397076", "HW_1512397076\HW_1512397076.vcxproj", "{1AE7936D-DEC0-4CCB-821C-E6235D6115EB}"
EndProject
Project("{8BC9CEB8-8B4A-11D0-8D11-00A0C91BC942}") = "HW_1512057383", "HW_1512057383\HW_1512057383.vcxproj", "{A314E6DE-614E-4FC2-8DB9-5B9CBBC60555}"
EndProject
Project("{8BC9CEB8-8B4A-11D0-8D11-00A0C91BC942}") = "21", "21\21.vcxproj", "{16D2D181-E103-444F-A6AC-F06832D66DD3}"
EndProject
Project("{8BC9CEB8-8B4A-11D0-8D11-00A0C91BC942}") = "TryCatch", "TryCatch\TryCatch.vcxproj", "{C4EC8842-6CDC-4840-9C3D-C8B00802FC37}"
EndProject
Project("{8BC9CEB8-8B4A-11D0-8D11-00A0C91BC942}") = "Exceptions", "Exceptions\Exceptions.vcxproj", "{28615EA7-8D51-4C65-9604-323CABB221B4}"
EndProject
Project("{8BC9CEB8-8B4A-11D0-8D11-00A0C91BC942}") = "Meeting_22", "Meeting_22\Meeting_22.vcxproj", "{E37258AD-7CAE-400A-8DB1-3354559D83D0}"
EndProject
Global
	GlobalSection(SolutionConfigurationPlatforms) = preSolution
		Debug|x64 = Debug|x64
		Debug|x86 = Debug|x86
		Release|x64 = Release|x64
		Release|x86 = Release|x86
	EndGlobalSection
	GlobalSection(ProjectConfigurationPlatforms) = postSolution
		{D33CA00A-982F-45E6-9F95-91AEB6F95B94}.Debug|x64.ActiveCfg = Debug|x64
		{D33CA00A-982F-45E6-9F95-91AEB6F95B94}.Debug|x64.Build.0 = Debug|x64
		{D33CA00A-982F-45E6-9F95-91AEB6F95B94}.Debug|x86.ActiveCfg = Debug|Win32
		{D33CA00A-982F-45E6-9F95-91AEB6F95B94}.Debug|x86.Build.0 = Debug|Win32
		{D33CA00A-982F-45E6-9F95-91AEB6F95B94}.Release|x64.ActiveCfg = Release|x64
		{D33CA00A-982F-45E6-9F95-91AEB6F95B94}.Release|x64.Build.0 = Release|x64
		{D33CA00A-982F-45E6-9F95-91AEB6F95B94}.Release|x86.ActiveCfg = Release|Win32
		{D33CA00A-982F-45E6-9F95-91AEB6F95B94}.Release|x86.Build.0 = Release|Win32
		{872CE9F4-DFBD-4BFA-B0FB-C6E7A85C7026}.Debug|x64.ActiveCfg = Debug|x64
		{872CE9F4-DFBD-4BFA-B0FB-C6E7A85C7026}.Debug|x64.Build.0 = Debug|x64
		{872CE9F4-DFBD-4BFA-B0FB-C6E7A85C7026}.Debug|x86.ActiveCfg = Debug|Win32
		{872CE9F4-DFBD-4BFA-B0FB-C6E7A85C7026}.Debug|x86.Build.0 = Debug|Win32
		{872CE9F4-DFBD-4BFA-B0FB-C6E7A85C7026}.Release|x64.ActiveCfg = Release|x64
		{872CE9F4-DFBD-4BFA-B0FB-C6E7A85C7026}.Release|x64.Build.0 = Release|x64
		{872CE9F4-DFBD-4BFA-B0FB-C6E7A85C7026}.Release|x86.ActiveCfg = Release|Win32
		{872CE9F4-DFBD-4BFA-B0FB-C6E7A85C7026}.Release|x86.Build.0 = Release|Win32
		{E3D86322-2B9B-42D7-A875-1EDCA9C16EB3}.Debug|x64.ActiveCfg = Debug|x64
		{E3D86322-2B9B-42D7-A875-1EDCA9C16EB3}.Debug|x64.Build.0 = Debug|x64
		{E3D86322-2B9B-42D7-A875-1EDCA9C16EB3}.Debug|x86.ActiveCfg = Debug|Win32
		{E3D86322-2B9B-42D7-A875-1EDCA9C16EB3}.Debug|x86.Build.0 = Debug|Win32
		{E3D86322-2B9B-42D7-A875-1EDCA9C16EB3}.Release|x64.ActiveCfg = Release|x64
		{E3D86322-2B9B-42D7-A875-1EDCA9C16EB3}.Release|x64.Build.0 = Release|x64
		{E3D86322-2B9B-42D7-A875-1EDCA9C16EB3}.Release|x86.ActiveCfg = Release|Win32
		{E3D86322-2B9B-42D7-A875-1EDCA9C16EB3}.Release|x86.Build.0 = Release|Win32
		{B3725A20-E1D8-43C1-B021-F1FFB80F9C22}.Debug|x64.ActiveCfg = Debug|x64
		{B3725A20-E1D8-43C1-B021-F1FFB80F9C22}.Debug|x64.Build.0 = Debug|x64
		{B3725A20-E1D8-43C1-B021-F1FFB80F9C22}.Debug|x86.ActiveCfg = Debug|Win32
		{B3725A20-E1D8-43C1-B021-F1FFB80F9C22}.Debug|x86.Build.0 = Debug|Win32
		{B3725A20-E1D8-43C1-B021-F1FFB80F9C22}.Release|x64.ActiveCfg = Release|x64
		{B3725A20-E1D8-43C1-B021-F1FFB80F9C22}.Release|x64.Build.0 = Release|x64
		{B3725A20-E1D8-43C1-B021-F1FFB80F9C22}.Release|x86.ActiveCfg = Release|Win32
		{B3725A20-E1D8-43C1-B021-F1FFB80F9C22}.Release|x86.Build.0 = Release|Win32
		{2F82A71B-5EF5-40AF-9586-347AA0C586A1}.Debug|x64.ActiveCfg = Debug|x64
		{2F82A71B-5EF5-40AF-9586-347AA0C586A1}.Debug|x64.Build.0 = Debug|x64
		{2F82A71B-5EF5-40AF-9586-347AA0C586A1}.Debug|x86.ActiveCfg = Debug|Win32
		{2F82A71B-5EF5-40AF-9586-347AA0C586A1}.Debug|x86.Build.0 = Debug|Win32
		{2F82A71B-5EF5-40AF-9586-347AA0C586A1}.Release|x64.ActiveCfg = Release|x64
		{2F82A71B-5EF5-40AF-9586-347AA0C586A1}.Release|x64.Build.0 = Release|x64
		{2F82A71B-5EF5-40AF-9586-347AA0C586A1}.Release|x86.ActiveCfg = Release|Win32
		{2F82A71B-5EF5-40AF-9586-347AA0C586A1}.Release|x86.Build.0 = Release|Win32
		{61DAC2C1-5301-4F0D-AA70-6907B5978EFC}.Debug|x64.ActiveCfg = Debug|x64
		{61DAC2C1-5301-4F0D-AA70-6907B5978EFC}.Debug|x64.Build.0 = Debug|x64
		{61DAC2C1-5301-4F0D-AA70-6907B5978EFC}.Debug|x86.ActiveCfg = Debug|Win32
		{61DAC2C1-5301-4F0D-AA70-6907B5978EFC}.Debug|x86.Build.0 = Debug|Win32
		{61DAC2C1-5301-4F0D-AA70-6907B5978EFC}.Release|x64.ActiveCfg = Release|x64
		{61DAC2C1-5301-4F0D-AA70-6907B5978EFC}.Release|x64.Build.0 = Release|x64
		{61DAC2C1-5301-4F0D-AA70-6907B5978EFC}.Release|x86.ActiveCfg = Release|Win32
		{61DAC2C1-5301-4F0D-AA70-6907B5978EFC}.Release|x86.Build.0 = Release|Win32
		{B1CCEB78-FCBB-4E6D-8877-4FE9AAB2B661}.Debug|x64.ActiveCfg = Debug|x64
		{B1CCEB78-FCBB-4E6D-8877-4FE9AAB2B661}.Debug|x64.Build.0 = Debug|x64
		{B1CCEB78-FCBB-4E6D-8877-4FE9AAB2B661}.Debug|x86.ActiveCfg = Debug|Win32
		{B1CCEB78-FCBB-4E6D-8877-4FE9AAB2B661}.Debug|x86.Build.0 = Debug|Win32
		{B1CCEB78-FCBB-4E6D-8877-4FE9AAB2B661}.Release|x64.ActiveCfg = Release|x64
		{B1CCEB78-FCBB-4E6D-8877-4FE9AAB2B661}.Release|x64.Build.0 = Release|x64
		{B1CCEB78-FCBB-4E6D-8877-4FE9AAB2B661}.Release|x86.ActiveCfg = Release|Win32
		{B1CCEB78-FCBB-4E6D-8877-4FE9AAB2B661}.Release|x86.Build.0 = Release|Win32
		{E25CB5B7-7B8F-405A-95B1-836E49206F5C}.Debug|x64.ActiveCfg = Debug|x64
		{E25CB5B7-7B8F-405A-95B1-836E49206F5C}.Debug|x64.Build.0 = Debug|x64
		{E25CB5B7-7B8F-405A-95B1-836E49206F5C}.Debug|x86.ActiveCfg = Debug|Win32
		{E25CB5B7-7B8F-405A-95B1-836E49206F5C}.Debug|x86.Build.0 = Debug|Win32
		{E25CB5B7-7B8F-405A-95B1-836E49206F5C}.Release|x64.ActiveCfg = Release|x64
		{E25CB5B7-7B8F-405A-95B1-836E49206F5C}.Release|x64.Build.0 = Release|x64
		{E25CB5B7-7B8F-405A-95B1-836E49206F5C}.Release|x86.ActiveCfg = Release|Win32
		{E25CB5B7-7B8F-405A-95B1-836E49206F5C}.Release|x86.Build.0 = Release|Win32
		{A02ADED1-34FD-4C64-9D1B-155D2ADD6A10}.Debug|x64.ActiveCfg = Debug|x64
		{A02ADED1-34FD-4C64-9D1B-155D2ADD6A10}.Debug|x64.Build.0 = Debug|x64
		{A02ADED1-34FD-4C64-9D1B-155D2ADD6A10}.Debug|x86.ActiveCfg = Debug|Win32
		{A02ADED1-34FD-4C64-9D1B-155D2ADD6A10}.Debug|x86.Build.0 = Debug|Win32
		{A02ADED1-34FD-4C64-9D1B-155D2ADD6A10}.Release|x64.ActiveCfg = Release|x64
		{A02ADED1-34FD-4C64-9D1B-155D2ADD6A10}.Release|x64.Build.0 = Release|x64
		{A02ADED1-34FD-4C64-9D1B-155D2ADD6A10}.Release|x86.ActiveCfg = Release|Win32
		{A02ADED1-34FD-4C64-9D1B-155D2ADD6A10}.Release|x86.Build.0 = Release|Win32
		{98797282-43E7-44CE-A9C3-93921970031A}.Debug|x64.ActiveCfg = Debug|x64
		{98797282-43E7-44CE-A9C3-93921970031A}.Debug|x64.Build.0 = Debug|x64
		{98797282-43E7-44CE-A9C3-93921970031A}.Debug|x86.ActiveCfg = Debug|Win32
		{98797282-43E7-44CE-A9C3-93921970031A}.Debug|x86.Build.0 = Debug|Win32
		{98797282-43E7-44CE-A9C3-93921970031A}.Release|x64.ActiveCfg = Release|x64
		{98797282-43E7-44CE-A9C3-93921970031A}.Release|x64.Build.0 = Release|x64
		{98797282-43E7-44CE-A9C3-93921970031A}.Release|x86.ActiveCfg = Release|Win32
		{98797282-43E7-44CE-A9C3-93921970031A}.Release|x86.Build.0 = Release|Win32
		{939AC59F-E5B4-4163-BAB6-90C776717779}.Debug|x64.ActiveCfg = Debug|x64
		{939AC59F-E5B4-4163-BAB6-90C776717779}.Debug|x64.Build.0 = Debug|x64
		{939AC59F-E5B4-4163-BAB6-90C776717779}.Debug|x86.ActiveCfg = Debug|Win32
		{939AC59F-E5B4-4163-BAB6-90C776717779}.Debug|x86.Build.0 = Debug|Win32
		{939AC59F-E5B4-4163-BAB6-90C776717779}.Release|x64.ActiveCfg = Release|x64
		{939AC59F-E5B4-4163-BAB6-90C776717779}.Release|x64.Build.0 = Release|x64
		{939AC59F-E5B4-4163-BAB6-90C776717779}.Release|x86.ActiveCfg = Release|Win32
		{939AC59F-E5B4-4163-BAB6-90C776717779}.Release|x86.Build.0 = Release|Win32
		{4DB310A8-7869-4693-A4CF-BBC95808763F}.Debug|x64.ActiveCfg = Debug|x64
		{4DB310A8-7869-4693-A4CF-BBC95808763F}.Debug|x64.Build.0 = Debug|x64
		{4DB310A8-7869-4693-A4CF-BBC95808763F}.Debug|x86.ActiveCfg = Debug|Win32
		{4DB310A8-7869-4693-A4CF-BBC95808763F}.Debug|x86.Build.0 = Debug|Win32
		{4DB310A8-7869-4693-A4CF-BBC95808763F}.Release|x64.ActiveCfg = Release|x64
		{4DB310A8-7869-4693-A4CF-BBC95808763F}.Release|x64.Build.0 = Release|x64
		{4DB310A8-7869-4693-A4CF-BBC95808763F}.Release|x86.ActiveCfg = Release|Win32
		{4DB310A8-7869-4693-A4CF-BBC95808763F}.Release|x86.Build.0 = Release|Win32
		{CEC84638-2AB0-436C-A7AA-44794A30B6DB}.Debug|x64.ActiveCfg = Debug|x64
		{CEC84638-2AB0-436C-A7AA-44794A30B6DB}.Debug|x64.Build.0 = Debug|x64
		{CEC84638-2AB0-436C-A7AA-44794A30B6DB}.Debug|x86.ActiveCfg = Debug|Win32
		{CEC84638-2AB0-436C-A7AA-44794A30B6DB}.Debug|x86.Build.0 = Debug|Win32
		{CEC84638-2AB0-436C-A7AA-44794A30B6DB}.Release|x64.ActiveCfg = Release|x64
		{CEC84638-2AB0-436C-A7AA-44794A30B6DB}.Release|x64.Build.0 = Release|x64
		{CEC84638-2AB0-436C-A7AA-44794A30B6DB}.Release|x86.ActiveCfg = Release|Win32
		{CEC84638-2AB0-436C-A7AA-44794A30B6DB}.Release|x86.Build.0 = Release|Win32
		{5AA96A41-4E11-4E0D-8AC6-51BE6F073088}.Debug|x64.ActiveCfg = Debug|x64
		{5AA96A41-4E11-4E0D-8AC6-51BE6F073088}.Debug|x64.Build.0 = Debug|x64
		{5AA96A41-4E11-4E0D-8AC6-51BE6F073088}.Debug|x86.ActiveCfg = Debug|Win32
		{5AA96A41-4E11-4E0D-8AC6-51BE6F073088}.Debug|x86.Build.0 = Debug|Win32
		{5AA96A41-4E11-4E0D-8AC6-51BE6F073088}.Release|x64.ActiveCfg = Release|x64
		{5AA96A41-4E11-4E0D-8AC6-51BE6F073088}.Release|x64.Build.0 = Release|x64
		{5AA96A41-4E11-4E0D-8AC6-51BE6F073088}.Release|x86.ActiveCfg = Release|Win32
		{5AA96A41-4E11-4E0D-8AC6-51BE6F073088}.Release|x86.Build.0 = Release|Win32
		{8AF1AA17-D105-4AC7-8F58-8A5494F9D442}.Debug|x64.ActiveCfg = Debug|x64
		{8AF1AA17-D105-4AC7-8F58-8A5494F9D442}.Debug|x64.Build.0 = Debug|x64
		{8AF1AA17-D105-4AC7-8F58-8A5494F9D442}.Debug|x86.ActiveCfg = Debug|Win32
		{8AF1AA17-D105-4AC7-8F58-8A5494F9D442}.Debug|x86.Build.0 = Debug|Win32
		{8AF1AA17-D105-4AC7-8F58-8A5494F9D442}.Release|x64.ActiveCfg = Release|x64
		{8AF1AA17-D105-4AC7-8F58-8A5494F9D442}.Release|x64.Build.0 = Release|x64
		{8AF1AA17-D105-4AC7-8F58-8A5494F9D442}.Release|x86.ActiveCfg = Release|Win32
		{8AF1AA17-D105-4AC7-8F58-8A5494F9D442}.Release|x86.Build.0 = Release|Win32
		{A92E9D66-04AC-4613-9488-8B8AD24E283E}.Debug|x64.ActiveCfg = Debug|x64
		{A92E9D66-04AC-4613-9488-8B8AD24E283E}.Debug|x64.Build.0 = Debug|x64
		{A92E9D66-04AC-4613-9488-8B8AD24E283E}.Debug|x86.ActiveCfg = Debug|Win32
		{A92E9D66-04AC-4613-9488-8B8AD24E283E}.Debug|x86.Build.0 = Debug|Win32
		{A92E9D66-04AC-4613-9488-8B8AD24E283E}.Release|x64.ActiveCfg = Release|x64
		{A92E9D66-04AC-4613-9488-8B8AD24E283E}.Release|x64.Build.0 = Release|x64
		{A92E9D66-04AC-4613-9488-8B8AD24E283E}.Release|x86.ActiveCfg = Release|Win32
		{A92E9D66-04AC-4613-9488-8B8AD24E283E}.Release|x86.Build.0 = Release|Win32
		{E5185C48-FECB-40F6-93EF-868B089B27DF}.Debug|x64.ActiveCfg = Debug|x64
		{E5185C48-FECB-40F6-93EF-868B089B27DF}.Debug|x64.Build.0 = Debug|x64
		{E5185C48-FECB-40F6-93EF-868B089B27DF}.Debug|x86.ActiveCfg = Debug|Win32
		{E5185C48-FECB-40F6-93EF-868B089B27DF}.Debug|x86.Build.0 = Debug|Win32
		{E5185C48-FECB-40F6-93EF-868B089B27DF}.Release|x64.ActiveCfg = Release|x64
		{E5185C48-FECB-40F6-93EF-868B089B27DF}.Release|x64.Build.0 = Release|x64
		{E5185C48-FECB-40F6-93EF-868B089B27DF}.Release|x86.ActiveCfg = Release|Win32
		{E5185C48-FECB-40F6-93EF-868B089B27DF}.Release|x86.Build.0 = Release|Win32
		{ACC349DF-3A3C-4F4D-9963-DCFCB8841C50}.Debug|x64.ActiveCfg = Debug|x64
		{ACC349DF-3A3C-4F4D-9963-DCFCB8841C50}.Debug|x64.Build.0 = Debug|x64
		{ACC349DF-3A3C-4F4D-9963-DCFCB8841C50}.Debug|x86.ActiveCfg = Debug|Win32
		{ACC349DF-3A3C-4F4D-9963-DCFCB8841C50}.Debug|x86.Build.0 = Debug|Win32
		{ACC349DF-3A3C-4F4D-9963-DCFCB8841C50}.Release|x64.ActiveCfg = Release|x64
		{ACC349DF-3A3C-4F4D-9963-DCFCB8841C50}.Release|x64.Build.0 = Release|x64
		{ACC349DF-3A3C-4F4D-9963-DCFCB8841C50}.Release|x86.ActiveCfg = Release|Win32
		{ACC349DF-3A3C-4F4D-9963-DCFCB8841C50}.Release|x86.Build.0 = Release|Win32
		{E920B453-7439-448D-BBA0-721A460F9746}.Debug|x64.ActiveCfg = Debug|x64
		{E920B453-7439-448D-BBA0-721A460F9746}.Debug|x64.Build.0 = Debug|x64
		{E920B453-7439-448D-BBA0-721A460F9746}.Debug|x86.ActiveCfg = Debug|Win32
		{E920B453-7439-448D-BBA0-721A460F9746}.Debug|x86.Build.0 = Debug|Win32
		{E920B453-7439-448D-BBA0-721A460F9746}.Release|x64.ActiveCfg = Release|x64
		{E920B453-7439-448D-BBA0-721A460F9746}.Release|x64.Build.0 = Release|x64
		{E920B453-7439-448D-BBA0-721A460F9746}.Release|x86.ActiveCfg = Release|Win32
		{E920B453-7439-448D-BBA0-721A460F9746}.Release|x86.Build.0 = Release|Win32
		{FD721784-1A82-4BD0-B645-CD4EC4302C44}.Debug|x64.ActiveCfg = Debug|x64
		{FD721784-1A82-4BD0-B645-CD4EC4302C44}.Debug|x64.Build.0 = Debug|x64
		{FD721784-1A82-4BD0-B645-CD4EC4302C44}.Debug|x86.ActiveCfg = Debug|Win32
		{FD721784-1A82-4BD0-B645-CD4EC4302C44}.Debug|x86.Build.0 = Debug|Win32
		{FD721784-1A82-4BD0-B645-CD4EC4302C44}.Release|x64.ActiveCfg = Release|x64
		{FD721784-1A82-4BD0-B645-CD4EC4302C44}.Release|x64.Build.0 = Release|x64
		{FD721784-1A82-4BD0-B645-CD4EC4302C44}.Release|x86.ActiveCfg = Release|Win32
		{FD721784-1A82-4BD0-B645-CD4EC4302C44}.Release|x86.Build.0 = Release|Win32
		{5DA8FDCB-2084-4E5A-A5A8-C0C18A29129C}.Debug|x64.ActiveCfg = Debug|x64
		{5DA8FDCB-2084-4E5A-A5A8-C0C18A29129C}.Debug|x64.Build.0 = Debug|x64
		{5DA8FDCB-2084-4E5A-A5A8-C0C18A29129C}.Debug|x86.ActiveCfg = Debug|Win32
		{5DA8FDCB-2084-4E5A-A5A8-C0C18A29129C}.Debug|x86.Build.0 = Debug|Win32
		{5DA8FDCB-2084-4E5A-A5A8-C0C18A29129C}.Release|x64.ActiveCfg = Release|x64
		{5DA8FDCB-2084-4E5A-A5A8-C0C18A29129C}.Release|x64.Build.0 = Release|x64
		{5DA8FDCB-2084-4E5A-A5A8-C0C18A29129C}.Release|x86.ActiveCfg = Release|Win32
		{5DA8FDCB-2084-4E5A-A5A8-C0C18A29129C}.Release|x86.Build.0 = Release|Win32
		{270EE4DB-2E91-4E7C-BD03-E10334B6BCDA}.Debug|x64.ActiveCfg = Debug|x64
		{270EE4DB-2E91-4E7C-BD03-E10334B6BCDA}.Debug|x64.Build.0 = Debug|x64
		{270EE4DB-2E91-4E7C-BD03-E10334B6BCDA}.Debug|x86.ActiveCfg = Debug|Win32
		{270EE4DB-2E91-4E7C-BD03-E10334B6BCDA}.Debug|x86.Build.0 = Debug|Win32
		{270EE4DB-2E91-4E7C-BD03-E10334B6BCDA}.Release|x64.ActiveCfg = Release|x64
		{270EE4DB-2E91-4E7C-BD03-E10334B6BCDA}.Release|x64.Build.0 = Release|x64
		{270EE4DB-2E91-4E7C-BD03-E10334B6BCDA}.Release|x86.ActiveCfg = Release|Win32
		{270EE4DB-2E91-4E7C-BD03-E10334B6BCDA}.Release|x86.Build.0 = Release|Win32
		{EF1890DF-13D8-4A57-9FA9-540D893A5443}.Debug|x64.ActiveCfg = Debug|x64
		{EF1890DF-13D8-4A57-9FA9-540D893A5443}.Debug|x64.Build.0 = Debug|x64
		{EF1890DF-13D8-4A57-9FA9-540D893A5443}.Debug|x86.ActiveCfg = Debug|Win32
		{EF1890DF-13D8-4A57-9FA9-540D893A5443}.Debug|x86.Build.0 = Debug|Win32
		{EF1890DF-13D8-4A57-9FA9-540D893A5443}.Release|x64.ActiveCfg = Release|x64
		{EF1890DF-13D8-4A57-9FA9-540D893A5443}.Release|x64.Build.0 = Release|x64
		{EF1890DF-13D8-4A57-9FA9-540D893A5443}.Release|x86.ActiveCfg = Release|Win32
		{EF1890DF-13D8-4A57-9FA9-540D893A5443}.Release|x86.Build.0 = Release|Win32
		{B228B163-2714-4F9B-9AFF-B3CCBC80494F}.Debug|x64.ActiveCfg = Debug|x64
		{B228B163-2714-4F9B-9AFF-B3CCBC80494F}.Debug|x64.Build.0 = Debug|x64
		{B228B163-2714-4F9B-9AFF-B3CCBC80494F}.Debug|x86.ActiveCfg = Debug|Win32
		{B228B163-2714-4F9B-9AFF-B3CCBC80494F}.Debug|x86.Build.0 = Debug|Win32
		{B228B163-2714-4F9B-9AFF-B3CCBC80494F}.Release|x64.ActiveCfg = Release|x64
		{B228B163-2714-4F9B-9AFF-B3CCBC80494F}.Release|x64.Build.0 = Release|x64
		{B228B163-2714-4F9B-9AFF-B3CCBC80494F}.Release|x86.ActiveCfg = Release|Win32
		{B228B163-2714-4F9B-9AFF-B3CCBC80494F}.Release|x86.Build.0 = Release|Win32
		{4BA13A19-84DA-4575-A2ED-C89A918C6950}.Debug|x64.ActiveCfg = Debug|x64
		{4BA13A19-84DA-4575-A2ED-C89A918C6950}.Debug|x64.Build.0 = Debug|x64
		{4BA13A19-84DA-4575-A2ED-C89A918C6950}.Debug|x86.ActiveCfg = Debug|Win32
		{4BA13A19-84DA-4575-A2ED-C89A918C6950}.Debug|x86.Build.0 = Debug|Win32
		{4BA13A19-84DA-4575-A2ED-C89A918C6950}.Release|x64.ActiveCfg = Release|x64
		{4BA13A19-84DA-4575-A2ED-C89A918C6950}.Release|x64.Build.0 = Release|x64
		{4BA13A19-84DA-4575-A2ED-C89A918C6950}.Release|x86.ActiveCfg = Release|Win32
		{4BA13A19-84DA-4575-A2ED-C89A918C6950}.Release|x86.Build.0 = Release|Win32
		{D2E2065B-28B7-4656-BFCD-B92CE3BB6E68}.Debug|x64.ActiveCfg = Debug|x64
		{D2E2065B-28B7-4656-BFCD-B92CE3BB6E68}.Debug|x64.Build.0 = Debug|x64
		{D2E2065B-28B7-4656-BFCD-B92CE3BB6E68}.Debug|x86.ActiveCfg = Debug|Win32
		{D2E2065B-28B7-4656-BFCD-B92CE3BB6E68}.Debug|x86.Build.0 = Debug|Win32
		{D2E2065B-28B7-4656-BFCD-B92CE3BB6E68}.Release|x64.ActiveCfg = Release|x64
		{D2E2065B-28B7-4656-BFCD-B92CE3BB6E68}.Release|x64.Build.0 = Release|x64
		{D2E2065B-28B7-4656-BFCD-B92CE3BB6E68}.Release|x86.ActiveCfg = Release|Win32
		{D2E2065B-28B7-4656-BFCD-B92CE3BB6E68}.Release|x86.Build.0 = Release|Win32
		{3EADDE69-81C7-4D53-B6EB-9782B27D03F6}.Debug|x64.ActiveCfg = Debug|x64
		{3EADDE69-81C7-4D53-B6EB-9782B27D03F6}.Debug|x64.Build.0 = Debug|x64
		{3EADDE69-81C7-4D53-B6EB-9782B27D03F6}.Debug|x86.ActiveCfg = Debug|Win32
		{3EADDE69-81C7-4D53-B6EB-9782B27D03F6}.Debug|x86.Build.0 = Debug|Win32
		{3EADDE69-81C7-4D53-B6EB-9782B27D03F6}.Release|x64.ActiveCfg = Release|x64
		{3EADDE69-81C7-4D53-B6EB-9782B27D03F6}.Release|x64.Build.0 = Release|x64
		{3EADDE69-81C7-4D53-B6EB-9782B27D03F6}.Release|x86.ActiveCfg = Release|Win32
		{3EADDE69-81C7-4D53-B6EB-9782B27D03F6}.Release|x86.Build.0 = Release|Win32
		{1AE7936D-DEC0-4CCB-821C-E6235D6115EB}.Debug|x64.ActiveCfg = Debug|x64
		{1AE7936D-DEC0-4CCB-821C-E6235D6115EB}.Debug|x64.Build.0 = Debug|x64
		{1AE7936D-DEC0-4CCB-821C-E6235D6115EB}.Debug|x86.ActiveCfg = Debug|Win32
		{1AE7936D-DEC0-4CCB-821C-E6235D6115EB}.Debug|x86.Build.0 = Debug|Win32
		{1AE7936D-DEC0-4CCB-821C-E6235D6115EB}.Release|x64.ActiveCfg = Release|x64
		{1AE7936D-DEC0-4CCB-821C-E6235D6115EB}.Release|x64.Build.0 = Release|x64
		{1AE7936D-DEC0-4CCB-821C-E6235D6115EB}.Release|x86.ActiveCfg = Release|Win32
		{1AE7936D-DEC0-4CCB-821C-E6235D6115EB}.Release|x86.Build.0 = Release|Win32
		{A314E6DE-614E-4FC2-8DB9-5B9CBBC60555}.Debug|x64.ActiveCfg = Debug|x64
		{A314E6DE-614E-4FC2-8DB9-5B9CBBC60555}.Debug|x64.Build.0 = Debug|x64
		{A314E6DE-614E-4FC2-8DB9-5B9CBBC60555}.Debug|x86.ActiveCfg = Debug|Win32
		{A314E6DE-614E-4FC2-8DB9-5B9CBBC60555}.Debug|x86.Build.0 = Debug|Win32
		{A314E6DE-614E-4FC2-8DB9-5B9CBBC60555}.Release|x64.ActiveCfg = Release|x64
		{A314E6DE-614E-4FC2-8DB9-5B9CBBC60555}.Release|x64.Build.0 = Release|x64
		{A314E6DE-614E-4FC2-8DB9-5B9CBBC60555}.Release|x86.ActiveCfg = Release|Win32
		{A314E6DE-614E-4FC2-8DB9-5B9CBBC60555}.Release|x86.Build.0 = Release|Win32
		{16D2D181-E103-444F-A6AC-F06832D66DD3}.Debug|x64.ActiveCfg = Debug|x64
		{16D2D181-E103-444F-A6AC-F06832D66DD3}.Debug|x64.Build.0 = Debug|x64
		{16D2D181-E103-444F-A6AC-F06832D66DD3}.Debug|x86.ActiveCfg = Debug|Win32
		{16D2D181-E103-444F-A6AC-F06832D66DD3}.Debug|x86.Build.0 = Debug|Win32
		{16D2D181-E103-444F-A6AC-F06832D66DD3}.Release|x64.ActiveCfg = Release|x64
		{16D2D181-E103-444F-A6AC-F06832D66DD3}.Release|x64.Build.0 = Release|x64
		{16D2D181-E103-444F-A6AC-F06832D66DD3}.Release|x86.ActiveCfg = Release|Win32
		{16D2D181-E103-444F-A6AC-F06832D66DD3}.Release|x86.Build.0 = Release|Win32
		{C4EC8842-6CDC-4840-9C3D-C8B00802FC37}.Debug|x64.ActiveCfg = Debug|x64
		{C4EC8842-6CDC-4840-9C3D-C8B00802FC37}.Debug|x64.Build.0 = Debug|x64
		{C4EC8842-6CDC-4840-9C3D-C8B00802FC37}.Debug|x86.ActiveCfg = Debug|Win32
		{C4EC8842-6CDC-4840-9C3D-C8B00802FC37}.Debug|x86.Build.0 = Debug|Win32
		{C4EC8842-6CDC-4840-9C3D-C8B00802FC37}.Release|x64.ActiveCfg = Release|x64
		{C4EC8842-6CDC-4840-9C3D-C8B00802FC37}.Release|x64.Build.0 = Release|x64
		{C4EC8842-6CDC-4840-9C3D-C8B00802FC37}.Release|x86.ActiveCfg = Release|Win32
		{C4EC8842-6CDC-4840-9C3D-C8B00802FC37}.Release|x86.Build.0 = Release|Win32
		{28615EA7-8D51-4C65-9604-323CABB221B4}.Debug|x64.ActiveCfg = Debug|x64
		{28615EA7-8D51-4C65-9604-323CABB221B4}.Debug|x64.Build.0 = Debug|x64
		{28615EA7-8D51-4C65-9604-323CABB221B4}.Debug|x86.ActiveCfg = Debug|Win32
		{28615EA7-8D51-4C65-9604-323CABB221B4}.Debug|x86.Build.0 = Debug|Win32
		{28615EA7-8D51-4C65-9604-323CABB221B4}.Release|x64.ActiveCfg = Release|x64
		{28615EA7-8D51-4C65-9604-323CABB221B4}.Release|x64.Build.0 = Release|x64
		{28615EA7-8D51-4C65-9604-323CABB221B4}.Release|x86.ActiveCfg = Release|Win32
		{28615EA7-8D51-4C65-9604-323CABB221B4}.Release|x86.Build.0 = Release|Win32
		{E37258AD-7CAE-400A-8DB1-3354559D83D0}.Debug|x64.ActiveCfg = Debug|x64
		{E37258AD-7CAE-400A-8DB1-3354559D83D0}.Debug|x64.Build.0 = Debug|x64
		{E37258AD-7CAE-400A-8DB1-3354559D83D0}.Debug|x86.ActiveCfg = Debug|Win32
		{E37258AD-7CAE-400A-8DB1-3354559D83D0}.Debug|x86.Build.0 = Debug|Win32
		{E37258AD-7CAE-400A-8DB1-3354559D83D0}.Release|x64.ActiveCfg = Release|x64
		{E37258AD-7CAE-400A-8DB1-3354559D83D0}.Release|x64.Build.0 = Release|x64
		{E37258AD-7CAE-400A-8DB1-3354559D83D0}.Release|x86.ActiveCfg = Release|Win32
		{E37258AD-7CAE-400A-8DB1-3354559D83D0}.Release|x86.Build.0 = Release|Win32
	EndGlobalSection
	GlobalSection(SolutionProperties) = preSolution
		HideSolutionNode = FALSE
	EndGlobalSection
	GlobalSection(ExtensibilityGlobals) = postSolution
		SolutionGuid = {15D218F0-70F9-4091-A2FF-5C52A5E6C72C}
	EndGlobalSection
EndGlobal
